// !$*UTF8*$!
{
	archiveVersion = 1;
	classes = {
	};
	objectVersion = 50;
	objects = {

/* Begin PBXBuildFile section */
		21CFFAD851A364532DA22836 /* Pods_FlightList.framework in Frameworks */ = {isa = PBXBuildFile; fileRef = 63F7F93951A44B545D652E42 /* Pods_FlightList.framework */; };
		EF23B90120C9372600B534F4 /* UIImage+Utils.swift in Sources */ = {isa = PBXBuildFile; fileRef = EF23B90020C9372600B534F4 /* UIImage+Utils.swift */; };
		EF2A858720D9CCA300DC2FE7 /* RowViewModelTranslator.swift in Sources */ = {isa = PBXBuildFile; fileRef = EF2A858620D9CCA300DC2FE7 /* RowViewModelTranslator.swift */; };
		EF2A858920D9DA6E00DC2FE7 /* UIColor+Static.swift in Sources */ = {isa = PBXBuildFile; fileRef = EF2A858820D9DA6E00DC2FE7 /* UIColor+Static.swift */; };
		EF2A858C20DA6F4E00DC2FE7 /* NSAttributedString+UIImage.swift in Sources */ = {isa = PBXBuildFile; fileRef = EF2A858B20DA6F4E00DC2FE7 /* NSAttributedString+UIImage.swift */; };
		EF30DEE620D84D570030FC00 /* json.txt in Resources */ = {isa = PBXBuildFile; fileRef = EF30DEE520D84D570030FC00 /* json.txt */; };
		EF6AD45A20DDA79D001D22C3 /* ErrorTranslator.swift in Sources */ = {isa = PBXBuildFile; fileRef = EF6AD45920DDA79D001D22C3 /* ErrorTranslator.swift */; };
		EF6AD45C20DDAC97001D22C3 /* SectionViewModelTranslator.swift in Sources */ = {isa = PBXBuildFile; fileRef = EF6AD45B20DDAC97001D22C3 /* SectionViewModelTranslator.swift */; };
		EF6AD45E20DDB555001D22C3 /* DTOTranslator.swift in Sources */ = {isa = PBXBuildFile; fileRef = EF6AD45D20DDB555001D22C3 /* DTOTranslator.swift */; };
		EF7ECD7220D6A13300380DEE /* Assets.xcassets in Resources */ = {isa = PBXBuildFile; fileRef = EF7ECD7120D6A13300380DEE /* Assets.xcassets */; };
		EF7ECD7620D76E9800380DEE /* Service.swift in Sources */ = {isa = PBXBuildFile; fileRef = EF7ECD7520D76E9800380DEE /* Service.swift */; };
		EF7ECD7820D76EE300380DEE /* DTOModel.swift in Sources */ = {isa = PBXBuildFile; fileRef = EF7ECD7720D76EE300380DEE /* DTOModel.swift */; };
		EFA8E6EC20BE1643004D15F1 /* AppDelegate.swift in Sources */ = {isa = PBXBuildFile; fileRef = EFA8E6EB20BE1643004D15F1 /* AppDelegate.swift */; };
		EFA8E6EE20BE1643004D15F1 /* ViewController.swift in Sources */ = {isa = PBXBuildFile; fileRef = EFA8E6ED20BE1643004D15F1 /* ViewController.swift */; };
		EFA8E6F620BE1644004D15F1 /* LaunchScreen.storyboard in Resources */ = {isa = PBXBuildFile; fileRef = EFA8E6F420BE1644004D15F1 /* LaunchScreen.storyboard */; };
		EFC20B4C20DD9134007FCD4D /* ErrorCellNode.swift in Sources */ = {isa = PBXBuildFile; fileRef = EFC20B4B20DD9134007FCD4D /* ErrorCellNode.swift */; };
		EFD523E320D8789600964FD5 /* TextStyle.swift in Sources */ = {isa = PBXBuildFile; fileRef = EFD523E220D8789600964FD5 /* TextStyle.swift */; };
		EFDC71BE20DD61A2000B6E8F /* Translator.swift in Sources */ = {isa = PBXBuildFile; fileRef = EFDC71BD20DD61A2000B6E8F /* Translator.swift */; };
		EFFD07A420BED72D00FF2E7F /* TableController.swift in Sources */ = {isa = PBXBuildFile; fileRef = EFFD07A320BED72D00FF2E7F /* TableController.swift */; };
		EFFD07A620BEDF6500FF2E7F /* SectionViewModel.swift in Sources */ = {isa = PBXBuildFile; fileRef = EFFD07A520BEDF6500FF2E7F /* SectionViewModel.swift */; };
		EFFD07A820BEE12A00FF2E7F /* TitleView.swift in Sources */ = {isa = PBXBuildFile; fileRef = EFFD07A720BEE12A00FF2E7F /* TitleView.swift */; };
		EFFD07AA20BEEA9000FF2E7F /* DataCellNode.swift in Sources */ = {isa = PBXBuildFile; fileRef = EFFD07A920BEEA9000FF2E7F /* DataCellNode.swift */; };
		EFFD07AD20BFB38400FF2E7F /* ViewModel.swift in Sources */ = {isa = PBXBuildFile; fileRef = EFFD07AC20BFB38400FF2E7F /* ViewModel.swift */; };
/* End PBXBuildFile section */

/* Begin PBXFileReference section */
		03D0134E56867767420C818B /* Pods-FlightList.debug.xcconfig */ = {isa = PBXFileReference; includeInIndex = 1; lastKnownFileType = text.xcconfig; name = "Pods-FlightList.debug.xcconfig"; path = "Pods/Target Support Files/Pods-FlightList/Pods-FlightList.debug.xcconfig"; sourceTree = "<group>"; };
		63F7F93951A44B545D652E42 /* Pods_FlightList.framework */ = {isa = PBXFileReference; explicitFileType = wrapper.framework; includeInIndex = 0; path = Pods_FlightList.framework; sourceTree = BUILT_PRODUCTS_DIR; };
		97C047E0D832981FACFD03E1 /* Pods-FlightList.release.xcconfig */ = {isa = PBXFileReference; includeInIndex = 1; lastKnownFileType = text.xcconfig; name = "Pods-FlightList.release.xcconfig"; path = "Pods/Target Support Files/Pods-FlightList/Pods-FlightList.release.xcconfig"; sourceTree = "<group>"; };
		EF23B90020C9372600B534F4 /* UIImage+Utils.swift */ = {isa = PBXFileReference; lastKnownFileType = sourcecode.swift; path = "UIImage+Utils.swift"; sourceTree = "<group>"; };
		EF2A858620D9CCA300DC2FE7 /* RowViewModelTranslator.swift */ = {isa = PBXFileReference; lastKnownFileType = sourcecode.swift; path = RowViewModelTranslator.swift; sourceTree = "<group>"; };
		EF2A858820D9DA6E00DC2FE7 /* UIColor+Static.swift */ = {isa = PBXFileReference; lastKnownFileType = sourcecode.swift; path = "UIColor+Static.swift"; sourceTree = "<group>"; };
		EF2A858B20DA6F4E00DC2FE7 /* NSAttributedString+UIImage.swift */ = {isa = PBXFileReference; lastKnownFileType = sourcecode.swift; path = "NSAttributedString+UIImage.swift"; sourceTree = "<group>"; };
		EF30DEE520D84D570030FC00 /* json.txt */ = {isa = PBXFileReference; lastKnownFileType = text; path = json.txt; sourceTree = "<group>"; xcLanguageSpecificationIdentifier = xcode.lang.javascript; };
		EF6AD45920DDA79D001D22C3 /* ErrorTranslator.swift */ = {isa = PBXFileReference; lastKnownFileType = sourcecode.swift; path = ErrorTranslator.swift; sourceTree = "<group>"; };
		EF6AD45B20DDAC97001D22C3 /* SectionViewModelTranslator.swift */ = {isa = PBXFileReference; lastKnownFileType = sourcecode.swift; path = SectionViewModelTranslator.swift; sourceTree = "<group>"; };
		EF6AD45D20DDB555001D22C3 /* DTOTranslator.swift */ = {isa = PBXFileReference; lastKnownFileType = sourcecode.swift; path = DTOTranslator.swift; sourceTree = "<group>"; };
		EF7ECD7120D6A13300380DEE /* Assets.xcassets */ = {isa = PBXFileReference; lastKnownFileType = folder.assetcatalog; path = Assets.xcassets; sourceTree = "<group>"; };
		EF7ECD7520D76E9800380DEE /* Service.swift */ = {isa = PBXFileReference; lastKnownFileType = sourcecode.swift; path = Service.swift; sourceTree = "<group>"; };
		EF7ECD7720D76EE300380DEE /* DTOModel.swift */ = {isa = PBXFileReference; lastKnownFileType = sourcecode.swift; path = DTOModel.swift; sourceTree = "<group>"; };
		EFA8E6E820BE1643004D15F1 /* FlightList.app */ = {isa = PBXFileReference; explicitFileType = wrapper.application; includeInIndex = 0; path = FlightList.app; sourceTree = BUILT_PRODUCTS_DIR; };
		EFA8E6EB20BE1643004D15F1 /* AppDelegate.swift */ = {isa = PBXFileReference; lastKnownFileType = sourcecode.swift; path = AppDelegate.swift; sourceTree = "<group>"; };
		EFA8E6ED20BE1643004D15F1 /* ViewController.swift */ = {isa = PBXFileReference; lastKnownFileType = sourcecode.swift; path = ViewController.swift; sourceTree = "<group>"; };
		EFA8E6F520BE1644004D15F1 /* Base */ = {isa = PBXFileReference; lastKnownFileType = file.storyboard; name = Base; path = Base.lproj/LaunchScreen.storyboard; sourceTree = "<group>"; };
		EFA8E6F720BE1644004D15F1 /* Info.plist */ = {isa = PBXFileReference; lastKnownFileType = text.plist.xml; path = Info.plist; sourceTree = "<group>"; };
		EFC20B4B20DD9134007FCD4D /* ErrorCellNode.swift */ = {isa = PBXFileReference; lastKnownFileType = sourcecode.swift; path = ErrorCellNode.swift; sourceTree = "<group>"; };
		EFD523E220D8789600964FD5 /* TextStyle.swift */ = {isa = PBXFileReference; lastKnownFileType = sourcecode.swift; path = TextStyle.swift; sourceTree = "<group>"; };
		EFDC71BD20DD61A2000B6E8F /* Translator.swift */ = {isa = PBXFileReference; lastKnownFileType = sourcecode.swift; path = Translator.swift; sourceTree = "<group>"; };
		EFFD07A320BED72D00FF2E7F /* TableController.swift */ = {isa = PBXFileReference; lastKnownFileType = sourcecode.swift; path = TableController.swift; sourceTree = "<group>"; };
		EFFD07A520BEDF6500FF2E7F /* SectionViewModel.swift */ = {isa = PBXFileReference; lastKnownFileType = sourcecode.swift; path = SectionViewModel.swift; sourceTree = "<group>"; };
		EFFD07A720BEE12A00FF2E7F /* TitleView.swift */ = {isa = PBXFileReference; lastKnownFileType = sourcecode.swift; path = TitleView.swift; sourceTree = "<group>"; };
		EFFD07A920BEEA9000FF2E7F /* DataCellNode.swift */ = {isa = PBXFileReference; lastKnownFileType = sourcecode.swift; path = DataCellNode.swift; sourceTree = "<group>"; };
		EFFD07AC20BFB38400FF2E7F /* ViewModel.swift */ = {isa = PBXFileReference; lastKnownFileType = sourcecode.swift; path = ViewModel.swift; sourceTree = "<group>"; };
/* End PBXFileReference section */

/* Begin PBXFrameworksBuildPhase section */
		EFA8E6E520BE1643004D15F1 /* Frameworks */ = {
			isa = PBXFrameworksBuildPhase;
			buildActionMask = 2147483647;
			files = (
				21CFFAD851A364532DA22836 /* Pods_FlightList.framework in Frameworks */,
			);
			runOnlyForDeploymentPostprocessing = 0;
		};
/* End PBXFrameworksBuildPhase section */

/* Begin PBXGroup section */
		540F9144169443B37882E193 /* Frameworks */ = {
			isa = PBXGroup;
			children = (
				63F7F93951A44B545D652E42 /* Pods_FlightList.framework */,
			);
			name = Frameworks;
			sourceTree = "<group>";
		};
		79C20D56B834FBABE2920407 /* Pods */ = {
			isa = PBXGroup;
			children = (
				03D0134E56867767420C818B /* Pods-FlightList.debug.xcconfig */,
				97C047E0D832981FACFD03E1 /* Pods-FlightList.release.xcconfig */,
			);
			name = Pods;
			sourceTree = "<group>";
		};
		EF2A858A20DA6F2A00DC2FE7 /* Extension */ = {
			isa = PBXGroup;
			children = (
				EF2A858820D9DA6E00DC2FE7 /* UIColor+Static.swift */,
				EF23B90020C9372600B534F4 /* UIImage+Utils.swift */,
				EF2A858B20DA6F4E00DC2FE7 /* NSAttributedString+UIImage.swift */,
			);
			path = Extension;
			sourceTree = "<group>";
		};
		EF50BDC220D8539F00878D5F /* DTO */ = {
			isa = PBXGroup;
			children = (
				EF7ECD7720D76EE300380DEE /* DTOModel.swift */,
			);
			path = DTO;
			sourceTree = "<group>";
		};
		EF6AD45820DDA765001D22C3 /* Translators */ = {
			isa = PBXGroup;
			children = (
				EFDC71BD20DD61A2000B6E8F /* Translator.swift */,
				EF2A858620D9CCA300DC2FE7 /* RowViewModelTranslator.swift */,
				EF6AD45920DDA79D001D22C3 /* ErrorTranslator.swift */,
				EF6AD45B20DDAC97001D22C3 /* SectionViewModelTranslator.swift */,
				EF6AD45D20DDB555001D22C3 /* DTOTranslator.swift */,
			);
			path = Translators;
			sourceTree = "<group>";
		};
		EFA8E6DF20BE1643004D15F1 = {
			isa = PBXGroup;
			children = (
				EFA8E6EA20BE1643004D15F1 /* FlightList */,
				EFA8E6E920BE1643004D15F1 /* Products */,
				79C20D56B834FBABE2920407 /* Pods */,
				540F9144169443B37882E193 /* Frameworks */,
			);
			sourceTree = "<group>";
		};
		EFA8E6E920BE1643004D15F1 /* Products */ = {
			isa = PBXGroup;
			children = (
				EFA8E6E820BE1643004D15F1 /* FlightList.app */,
			);
			name = Products;
			sourceTree = "<group>";
		};
		EFA8E6EA20BE1643004D15F1 /* FlightList */ = {
			isa = PBXGroup;
			children = (
				EF2A858A20DA6F2A00DC2FE7 /* Extension */,
				EF50BDC220D8539F00878D5F /* DTO */,
				EFFD07AB20BFB36D00FF2E7F /* Logic */,
				EFFD07A020BED53A00FF2E7F /* Resources */,
				EFFD079F20BED52900FF2E7F /* UI */,
				EFA8E6EB20BE1643004D15F1 /* AppDelegate.swift */,
				EFA8E6F420BE1644004D15F1 /* LaunchScreen.storyboard */,
				EFA8E6F720BE1644004D15F1 /* Info.plist */,
			);
			path = FlightList;
			sourceTree = "<group>";
		};
		EFFD079F20BED52900FF2E7F /* UI */ = {
			isa = PBXGroup;
			children = (
				EFA8E6ED20BE1643004D15F1 /* ViewController.swift */,
				EFFD07A320BED72D00FF2E7F /* TableController.swift */,
				EFFD07A520BEDF6500FF2E7F /* SectionViewModel.swift */,
				EFFD07A720BEE12A00FF2E7F /* TitleView.swift */,
				EFFD07A920BEEA9000FF2E7F /* DataCellNode.swift */,
				EFD523E220D8789600964FD5 /* TextStyle.swift */,
				EFC20B4B20DD9134007FCD4D /* ErrorCellNode.swift */,
			);
			path = UI;
			sourceTree = "<group>";
		};
		EFFD07A020BED53A00FF2E7F /* Resources */ = {
			isa = PBXGroup;
			children = (
				EF7ECD7120D6A13300380DEE /* Assets.xcassets */,
				EF30DEE520D84D570030FC00 /* json.txt */,
			);
			path = Resources;
			sourceTree = "<group>";
		};
		EFFD07AB20BFB36D00FF2E7F /* Logic */ = {
			isa = PBXGroup;
			children = (
				EF6AD45820DDA765001D22C3 /* Translators */,
				EFFD07AC20BFB38400FF2E7F /* ViewModel.swift */,
				EF7ECD7520D76E9800380DEE /* Service.swift */,
			);
			path = Logic;
			sourceTree = "<group>";
		};
/* End PBXGroup section */

/* Begin PBXNativeTarget section */
		EFA8E6E720BE1643004D15F1 /* FlightList */ = {
			isa = PBXNativeTarget;
			buildConfigurationList = EFA8E6FA20BE1644004D15F1 /* Build configuration list for PBXNativeTarget "FlightList" */;
			buildPhases = (
				920CE741FD438DC0210ADFAB /* [CP] Check Pods Manifest.lock */,
				EFA8E6E420BE1643004D15F1 /* Sources */,
				EFA8E6E520BE1643004D15F1 /* Frameworks */,
				EFA8E6E620BE1643004D15F1 /* Resources */,
				56BDD3C845726A23CBBFE308 /* [CP] Embed Pods Frameworks */,
			);
			buildRules = (
			);
			dependencies = (
			);
			name = FlightList;
			productName = FlightList;
			productReference = EFA8E6E820BE1643004D15F1 /* FlightList.app */;
			productType = "com.apple.product-type.application";
		};
/* End PBXNativeTarget section */

/* Begin PBXProject section */
		EFA8E6E020BE1643004D15F1 /* Project object */ = {
			isa = PBXProject;
			attributes = {
				LastSwiftUpdateCheck = 0930;
				LastUpgradeCheck = 0930;
				ORGANIZATIONNAME = mynight;
				TargetAttributes = {
					EFA8E6E720BE1643004D15F1 = {
						CreatedOnToolsVersion = 9.3.1;
					};
				};
			};
			buildConfigurationList = EFA8E6E320BE1643004D15F1 /* Build configuration list for PBXProject "FlightList" */;
			compatibilityVersion = "Xcode 9.3";
			developmentRegion = en;
			hasScannedForEncodings = 0;
			knownRegions = (
				en,
				Base,
			);
			mainGroup = EFA8E6DF20BE1643004D15F1;
			productRefGroup = EFA8E6E920BE1643004D15F1 /* Products */;
			projectDirPath = "";
			projectRoot = "";
			targets = (
				EFA8E6E720BE1643004D15F1 /* FlightList */,
			);
		};
/* End PBXProject section */

/* Begin PBXResourcesBuildPhase section */
		EFA8E6E620BE1643004D15F1 /* Resources */ = {
			isa = PBXResourcesBuildPhase;
			buildActionMask = 2147483647;
			files = (
				EF7ECD7220D6A13300380DEE /* Assets.xcassets in Resources */,
				EFA8E6F620BE1644004D15F1 /* LaunchScreen.storyboard in Resources */,
				EF30DEE620D84D570030FC00 /* json.txt in Resources */,
			);
			runOnlyForDeploymentPostprocessing = 0;
		};
/* End PBXResourcesBuildPhase section */

/* Begin PBXShellScriptBuildPhase section */
		56BDD3C845726A23CBBFE308 /* [CP] Embed Pods Frameworks */ = {
			isa = PBXShellScriptBuildPhase;
			buildActionMask = 2147483647;
			files = (
			);
			inputPaths = (
				"${SRCROOT}/Pods/Target Support Files/Pods-FlightList/Pods-FlightList-frameworks.sh",
				"${BUILT_PRODUCTS_DIR}/PINCache/PINCache.framework",
				"${BUILT_PRODUCTS_DIR}/PINOperation/PINOperation.framework",
				"${BUILT_PRODUCTS_DIR}/PINRemoteImage/PINRemoteImage.framework",
				"${BUILT_PRODUCTS_DIR}/PromiseKit/PromiseKit.framework",
				"${BUILT_PRODUCTS_DIR}/Texture/AsyncDisplayKit.framework",
			);
			name = "[CP] Embed Pods Frameworks";
			outputPaths = (
				"${TARGET_BUILD_DIR}/${FRAMEWORKS_FOLDER_PATH}/PINCache.framework",
				"${TARGET_BUILD_DIR}/${FRAMEWORKS_FOLDER_PATH}/PINOperation.framework",
				"${TARGET_BUILD_DIR}/${FRAMEWORKS_FOLDER_PATH}/PINRemoteImage.framework",
				"${TARGET_BUILD_DIR}/${FRAMEWORKS_FOLDER_PATH}/PromiseKit.framework",
				"${TARGET_BUILD_DIR}/${FRAMEWORKS_FOLDER_PATH}/AsyncDisplayKit.framework",
			);
			runOnlyForDeploymentPostprocessing = 0;
			shellPath = /bin/sh;
			shellScript = "\"${SRCROOT}/Pods/Target Support Files/Pods-FlightList/Pods-FlightList-frameworks.sh\"\n";
			showEnvVarsInLog = 0;
		};
		920CE741FD438DC0210ADFAB /* [CP] Check Pods Manifest.lock */ = {
			isa = PBXShellScriptBuildPhase;
			buildActionMask = 2147483647;
			files = (
			);
			inputPaths = (
				"${PODS_PODFILE_DIR_PATH}/Podfile.lock",
				"${PODS_ROOT}/Manifest.lock",
			);
			name = "[CP] Check Pods Manifest.lock";
			outputPaths = (
				"$(DERIVED_FILE_DIR)/Pods-FlightList-checkManifestLockResult.txt",
			);
			runOnlyForDeploymentPostprocessing = 0;
			shellPath = /bin/sh;
			shellScript = "diff \"${PODS_PODFILE_DIR_PATH}/Podfile.lock\" \"${PODS_ROOT}/Manifest.lock\" > /dev/null\nif [ $? != 0 ] ; then\n    # print error to STDERR\n    echo \"error: The sandbox is not in sync with the Podfile.lock. Run 'pod install' or update your CocoaPods installation.\" >&2\n    exit 1\nfi\n# This output is used by Xcode 'outputs' to avoid re-running this script phase.\necho \"SUCCESS\" > \"${SCRIPT_OUTPUT_FILE_0}\"\n";
			showEnvVarsInLog = 0;
		};
/* End PBXShellScriptBuildPhase section */

/* Begin PBXSourcesBuildPhase section */
		EFA8E6E420BE1643004D15F1 /* Sources */ = {
			isa = PBXSourcesBuildPhase;
			buildActionMask = 2147483647;
			files = (
				EF2A858C20DA6F4E00DC2FE7 /* NSAttributedString+UIImage.swift in Sources */,
				EF6AD45E20DDB555001D22C3 /* DTOTranslator.swift in Sources */,
				EF2A858920D9DA6E00DC2FE7 /* UIColor+Static.swift in Sources */,
				EFFD07A420BED72D00FF2E7F /* TableController.swift in Sources */,
				EFD523E320D8789600964FD5 /* TextStyle.swift in Sources */,
				EFDC71BE20DD61A2000B6E8F /* Translator.swift in Sources */,
				EFFD07AA20BEEA9000FF2E7F /* DataCellNode.swift in Sources */,
				EF6AD45A20DDA79D001D22C3 /* ErrorTranslator.swift in Sources */,
				EFA8E6EE20BE1643004D15F1 /* ViewController.swift in Sources */,
				EF2A858720D9CCA300DC2FE7 /* RowViewModelTranslator.swift in Sources */,
				EF7ECD7820D76EE300380DEE /* DTOModel.swift in Sources */,
				EF23B90120C9372600B534F4 /* UIImage+Utils.swift in Sources */,
				EFC20B4C20DD9134007FCD4D /* ErrorCellNode.swift in Sources */,
				EFFD07A620BEDF6500FF2E7F /* SectionViewModel.swift in Sources */,
				EF7ECD7620D76E9800380DEE /* Service.swift in Sources */,
				EFA8E6EC20BE1643004D15F1 /* AppDelegate.swift in Sources */,
				EFFD07AD20BFB38400FF2E7F /* ViewModel.swift in Sources */,
				EFFD07A820BEE12A00FF2E7F /* TitleView.swift in Sources */,
				EF6AD45C20DDAC97001D22C3 /* SectionViewModelTranslator.swift in Sources */,
			);
			runOnlyForDeploymentPostprocessing = 0;
		};
/* End PBXSourcesBuildPhase section */

/* Begin PBXVariantGroup section */
		EFA8E6F420BE1644004D15F1 /* LaunchScreen.storyboard */ = {
			isa = PBXVariantGroup;
			children = (
				EFA8E6F520BE1644004D15F1 /* Base */,
			);
			name = LaunchScreen.storyboard;
			sourceTree = "<group>";
		};
/* End PBXVariantGroup section */

/* Begin XCBuildConfiguration section */
		EFA8E6F820BE1644004D15F1 /* Debug */ = {
			isa = XCBuildConfiguration;
			buildSettings = {
				ALWAYS_SEARCH_USER_PATHS = NO;
				CLANG_ANALYZER_NONNULL = YES;
				CLANG_ANALYZER_NUMBER_OBJECT_CONVERSION = YES_AGGRESSIVE;
				CLANG_CXX_LANGUAGE_STANDARD = "gnu++14";
				CLANG_CXX_LIBRARY = "libc++";
				CLANG_ENABLE_MODULES = YES;
				CLANG_ENABLE_OBJC_ARC = YES;
				CLANG_ENABLE_OBJC_WEAK = YES;
				CLANG_WARN_BLOCK_CAPTURE_AUTORELEASING = YES;
				CLANG_WARN_BOOL_CONVERSION = YES;
				CLANG_WARN_COMMA = YES;
				CLANG_WARN_CONSTANT_CONVERSION = YES;
				CLANG_WARN_DEPRECATED_OBJC_IMPLEMENTATIONS = YES;
				CLANG_WARN_DIRECT_OBJC_ISA_USAGE = YES_ERROR;
				CLANG_WARN_DOCUMENTATION_COMMENTS = YES;
				CLANG_WARN_EMPTY_BODY = YES;
				CLANG_WARN_ENUM_CONVERSION = YES;
				CLANG_WARN_INFINITE_RECURSION = YES;
				CLANG_WARN_INT_CONVERSION = YES;
				CLANG_WARN_NON_LITERAL_NULL_CONVERSION = YES;
				CLANG_WARN_OBJC_IMPLICIT_RETAIN_SELF = YES;
				CLANG_WARN_OBJC_LITERAL_CONVERSION = YES;
				CLANG_WARN_OBJC_ROOT_CLASS = YES_ERROR;
				CLANG_WARN_RANGE_LOOP_ANALYSIS = YES;
				CLANG_WARN_STRICT_PROTOTYPES = YES;
				CLANG_WARN_SUSPICIOUS_MOVE = YES;
				CLANG_WARN_UNGUARDED_AVAILABILITY = YES_AGGRESSIVE;
				CLANG_WARN_UNREACHABLE_CODE = YES;
				CLANG_WARN__DUPLICATE_METHOD_MATCH = YES;
				CODE_SIGN_IDENTITY = "iPhone Developer";
				COPY_PHASE_STRIP = NO;
				DEBUG_INFORMATION_FORMAT = dwarf;
				ENABLE_STRICT_OBJC_MSGSEND = YES;
				ENABLE_TESTABILITY = YES;
				GCC_C_LANGUAGE_STANDARD = gnu11;
				GCC_DYNAMIC_NO_PIC = NO;
				GCC_NO_COMMON_BLOCKS = YES;
				GCC_OPTIMIZATION_LEVEL = 0;
				GCC_PREPROCESSOR_DEFINITIONS = (
					"DEBUG=1",
					"$(inherited)",
				);
				GCC_WARN_64_TO_32_BIT_CONVERSION = YES;
				GCC_WARN_ABOUT_RETURN_TYPE = YES_ERROR;
				GCC_WARN_UNDECLARED_SELECTOR = YES;
				GCC_WARN_UNINITIALIZED_AUTOS = YES_AGGRESSIVE;
				GCC_WARN_UNUSED_FUNCTION = YES;
				GCC_WARN_UNUSED_VARIABLE = YES;
				IPHONEOS_DEPLOYMENT_TARGET = 11.4;
				MTL_ENABLE_DEBUG_INFO = YES;
				ONLY_ACTIVE_ARCH = YES;
				SDKROOT = iphoneos;
				SWIFT_ACTIVE_COMPILATION_CONDITIONS = DEBUG;
				SWIFT_OPTIMIZATION_LEVEL = "-Onone";
			};
			name = Debug;
		};
		EFA8E6F920BE1644004D15F1 /* Release */ = {
			isa = XCBuildConfiguration;
			buildSettings = {
				ALWAYS_SEARCH_USER_PATHS = NO;
				CLANG_ANALYZER_NONNULL = YES;
				CLANG_ANALYZER_NUMBER_OBJECT_CONVERSION = YES_AGGRESSIVE;
				CLANG_CXX_LANGUAGE_STANDARD = "gnu++14";
				CLANG_CXX_LIBRARY = "libc++";
				CLANG_ENABLE_MODULES = YES;
				CLANG_ENABLE_OBJC_ARC = YES;
				CLANG_ENABLE_OBJC_WEAK = YES;
				CLANG_WARN_BLOCK_CAPTURE_AUTORELEASING = YES;
				CLANG_WARN_BOOL_CONVERSION = YES;
				CLANG_WARN_COMMA = YES;
				CLANG_WARN_CONSTANT_CONVERSION = YES;
				CLANG_WARN_DEPRECATED_OBJC_IMPLEMENTATIONS = YES;
				CLANG_WARN_DIRECT_OBJC_ISA_USAGE = YES_ERROR;
				CLANG_WARN_DOCUMENTATION_COMMENTS = YES;
				CLANG_WARN_EMPTY_BODY = YES;
				CLANG_WARN_ENUM_CONVERSION = YES;
				CLANG_WARN_INFINITE_RECURSION = YES;
				CLANG_WARN_INT_CONVERSION = YES;
				CLANG_WARN_NON_LITERAL_NULL_CONVERSION = YES;
				CLANG_WARN_OBJC_IMPLICIT_RETAIN_SELF = YES;
				CLANG_WARN_OBJC_LITERAL_CONVERSION = YES;
				CLANG_WARN_OBJC_ROOT_CLASS = YES_ERROR;
				CLANG_WARN_RANGE_LOOP_ANALYSIS = YES;
				CLANG_WARN_STRICT_PROTOTYPES = YES;
				CLANG_WARN_SUSPICIOUS_MOVE = YES;
				CLANG_WARN_UNGUARDED_AVAILABILITY = YES_AGGRESSIVE;
				CLANG_WARN_UNREACHABLE_CODE = YES;
				CLANG_WARN__DUPLICATE_METHOD_MATCH = YES;
				CODE_SIGN_IDENTITY = "iPhone Developer";
				COPY_PHASE_STRIP = NO;
				DEBUG_INFORMATION_FORMAT = "dwarf-with-dsym";
				ENABLE_NS_ASSERTIONS = NO;
				ENABLE_STRICT_OBJC_MSGSEND = YES;
				GCC_C_LANGUAGE_STANDARD = gnu11;
				GCC_NO_COMMON_BLOCKS = YES;
				GCC_WARN_64_TO_32_BIT_CONVERSION = YES;
				GCC_WARN_ABOUT_RETURN_TYPE = YES_ERROR;
				GCC_WARN_UNDECLARED_SELECTOR = YES;
				GCC_WARN_UNINITIALIZED_AUTOS = YES_AGGRESSIVE;
				GCC_WARN_UNUSED_FUNCTION = YES;
				GCC_WARN_UNUSED_VARIABLE = YES;
				IPHONEOS_DEPLOYMENT_TARGET = 11.4;
				MTL_ENABLE_DEBUG_INFO = NO;
				SDKROOT = iphoneos;
				SWIFT_COMPILATION_MODE = wholemodule;
				SWIFT_OPTIMIZATION_LEVEL = "-O";
				VALIDATE_PRODUCT = YES;
			};
			name = Release;
		};
		EFA8E6FB20BE1644004D15F1 /* Debug */ = {
			isa = XCBuildConfiguration;
			baseConfigurationReference = 03D0134E56867767420C818B /* Pods-FlightList.debug.xcconfig */;
			buildSettings = {
				ASSETCATALOG_COMPILER_APPICON_NAME = AppIcon;
				CODE_SIGN_STYLE = Automatic;
				DEVELOPMENT_TEAM = SCWPD5T4B7;
				INFOPLIST_FILE = FlightList/Info.plist;
				LD_RUNPATH_SEARCH_PATHS = (
					"$(inherited)",
					"@executable_path/Frameworks",
				);
				PRODUCT_BUNDLE_IDENTIFIER = com.mynight.app.FlightList;
				PRODUCT_NAME = "$(TARGET_NAME)";
				SWIFT_VERSION = 4.0;
				TARGETED_DEVICE_FAMILY = 1;
			};
			name = Debug;
		};
		EFA8E6FC20BE1644004D15F1 /* Release */ = {
			isa = XCBuildConfiguration;
			baseConfigurationReference = 97C047E0D832981FACFD03E1 /* Pods-FlightList.release.xcconfig */;
			buildSettings = {
				ASSETCATALOG_COMPILER_APPICON_NAME = AppIcon;
				CODE_SIGN_STYLE = Automatic;
				DEVELOPMENT_TEAM = SCWPD5T4B7;
				INFOPLIST_FILE = FlightList/Info.plist;
				LD_RUNPATH_SEARCH_PATHS = (
					"$(inherited)",
					"@executable_path/Frameworks",
				);
				PRODUCT_BUNDLE_IDENTIFIER = com.mynight.app.FlightList;
				PRODUCT_NAME = "$(TARGET_NAME)";
				SWIFT_VERSION = 4.0;
				TARGETED_DEVICE_FAMILY = 1;
			};
			name = Release;
		};
/* End XCBuildConfiguration section */

/* Begin XCConfigurationList section */
		EFA8E6E320BE1643004D15F1 /* Build configuration list for PBXProject "FlightList" */ = {
			isa = XCConfigurationList;
			buildConfigurations = (
				EFA8E6F820BE1644004D15F1 /* Debug */,
				EFA8E6F920BE1644004D15F1 /* Release */,
			);
			defaultConfigurationIsVisible = 0;
			defaultConfigurationName = Release;
		};
		EFA8E6FA20BE1644004D15F1 /* Build configuration list for PBXNativeTarget "FlightList" */ = {
			isa = XCConfigurationList;
			buildConfigurations = (
				EFA8E6FB20BE1644004D15F1 /* Debug */,
				EFA8E6FC20BE1644004D15F1 /* Release */,
			);
			defaultConfigurationIsVisible = 0;
			defaultConfigurationName = Release;
		};
/* End XCConfigurationList section */
	};
	rootObject = EFA8E6E020BE1643004D15F1 /* Project object */;
}
